
Microsoft Visual Studio Solution File, Format Version 12.00
# Visual Studio 14
VisualStudioVersion = 14.0.24720.0
MinimumVisualStudioVersion = 10.0.40219.1
Project("{FAE04EC0-301F-11D3-BF4B-00C04F79EFBC}") = "Client", "OPR\Client.csproj", "{FAF8D77B-0E8E-421A-ADCD-46A00F4BFD7C}"
EndProject
Project("{FAE04EC0-301F-11D3-BF4B-00C04F79EFBC}") = "Server", "Server\Server.csproj", "{38210465-5153-4E4F-A447-7E1EE4717636}"
EndProject
Project("{2150E333-8FDC-42A3-9474-1A3956D46DE8}") = "Solution Items", "Solution Items", "{5ED27827-B98D-4ED3-ABE3-53BCB5918BC6}"
EndProject
Global
	GlobalSection(SolutionConfigurationPlatforms) = preSolution
		Debug|Any CPU = Debug|Any CPU
		Release|Any CPU = Release|Any CPU
	EndGlobalSection
	GlobalSection(ProjectConfigurationPlatforms) = postSolution
		{FAF8D77B-0E8E-421A-ADCD-46A00F4BFD7C}.Debug|Any CPU.ActiveCfg = Debug|Any CPU
		{FAF8D77B-0E8E-421A-ADCD-46A00F4BFD7C}.Debug|Any CPU.Build.0 = Debug|Any CPU
		{FAF8D77B-0E8E-421A-ADCD-46A00F4BFD7C}.Release|Any CPU.ActiveCfg = Release|Any CPU
		{FAF8D77B-0E8E-421A-ADCD-46A00F4BFD7C}.Release|Any CPU.Build.0 = Release|Any CPU
		{38210465-5153-4E4F-A447-7E1EE4717636}.Debug|Any CPU.ActiveCfg = Debug|Any CPU
		{38210465-5153-4E4F-A447-7E1EE4717636}.Debug|Any CPU.Build.0 = Debug|Any CPU
		{38210465-5153-4E4F-A447-7E1EE4717636}.Release|Any CPU.ActiveCfg = Release|Any CPU
		{38210465-5153-4E4F-A447-7E1EE4717636}.Release|Any CPU.Build.0 = Release|Any CPU
	EndGlobalSection
	GlobalSection(SolutionProperties) = preSolution
		HideSolutionNode = FALSE
	EndGlobalSection
EndGlobal
